// !$*UTF8*$!
{
	archiveVersion = 1;
	classes = {
	};
	objectVersion = 56;
	objects = {

/* Begin PBXBuildFile section */
		3A3C0FB029A689560055C4AD /* NotesApp.swift in Sources */ = {isa = PBXBuildFile; fileRef = 3A3C0FAF29A689560055C4AD /* NotesApp.swift */; };
		3A3C0FB229A689560055C4AD /* ContentView.swift in Sources */ = {isa = PBXBuildFile; fileRef = 3A3C0FB129A689560055C4AD /* ContentView.swift */; };
		3A3C0FB429A6895A0055C4AD /* Assets.xcassets in Resources */ = {isa = PBXBuildFile; fileRef = 3A3C0FB329A6895A0055C4AD /* Assets.xcassets */; };
		3A3C0FB729A6895A0055C4AD /* Preview Assets.xcassets in Resources */ = {isa = PBXBuildFile; fileRef = 3A3C0FB629A6895A0055C4AD /* Preview Assets.xcassets */; };
		3A3C0FB929A6895A0055C4AD /* Persistence.swift in Sources */ = {isa = PBXBuildFile; fileRef = 3A3C0FB829A6895A0055C4AD /* Persistence.swift */; };
		3A3C0FBC29A6895A0055C4AD /* Notes.xcdatamodeld in Sources */ = {isa = PBXBuildFile; fileRef = 3A3C0FBA29A6895A0055C4AD /* Notes.xcdatamodeld */; };
		3A3C0FC329A807180055C4AD /* AddNoteView.swift in Sources */ = {isa = PBXBuildFile; fileRef = 3A3C0FC229A807170055C4AD /* AddNoteView.swift */; };
		3A3D48112C88D92F003AC8F1 /* .gitignore in Resources */ = {isa = PBXBuildFile; fileRef = 3A3D47E32C88D92F003AC8F1 /* .gitignore */; };
		3A3D48122C88D92F003AC8F1 /* applypatch-msg.sample in Resources */ = {isa = PBXBuildFile; fileRef = 3A3D47E42C88D92F003AC8F1 /* applypatch-msg.sample */; };
		3A3D48132C88D92F003AC8F1 /* commit-msg.sample in Resources */ = {isa = PBXBuildFile; fileRef = 3A3D47E52C88D92F003AC8F1 /* commit-msg.sample */; };
		3A3D48142C88D92F003AC8F1 /* fsmonitor-watchman.sample in Resources */ = {isa = PBXBuildFile; fileRef = 3A3D47E62C88D92F003AC8F1 /* fsmonitor-watchman.sample */; };
		3A3D48152C88D92F003AC8F1 /* post-update.sample in Resources */ = {isa = PBXBuildFile; fileRef = 3A3D47E72C88D92F003AC8F1 /* post-update.sample */; };
		3A3D48162C88D92F003AC8F1 /* pre-applypatch.sample in Resources */ = {isa = PBXBuildFile; fileRef = 3A3D47E82C88D92F003AC8F1 /* pre-applypatch.sample */; };
		3A3D48172C88D92F003AC8F1 /* pre-commit.sample in Resources */ = {isa = PBXBuildFile; fileRef = 3A3D47E92C88D92F003AC8F1 /* pre-commit.sample */; };
		3A3D48182C88D92F003AC8F1 /* pre-merge-commit.sample in Resources */ = {isa = PBXBuildFile; fileRef = 3A3D47EA2C88D92F003AC8F1 /* pre-merge-commit.sample */; };
		3A3D48192C88D92F003AC8F1 /* pre-push.sample in Resources */ = {isa = PBXBuildFile; fileRef = 3A3D47EB2C88D92F003AC8F1 /* pre-push.sample */; };
		3A3D481A2C88D92F003AC8F1 /* pre-rebase.sample in Resources */ = {isa = PBXBuildFile; fileRef = 3A3D47EC2C88D92F003AC8F1 /* pre-rebase.sample */; };
		3A3D481B2C88D92F003AC8F1 /* pre-receive.sample in Resources */ = {isa = PBXBuildFile; fileRef = 3A3D47ED2C88D92F003AC8F1 /* pre-receive.sample */; };
		3A3D481C2C88D92F003AC8F1 /* prepare-commit-msg.sample in Resources */ = {isa = PBXBuildFile; fileRef = 3A3D47EE2C88D92F003AC8F1 /* prepare-commit-msg.sample */; };
		3A3D481D2C88D92F003AC8F1 /* push-to-checkout.sample in Resources */ = {isa = PBXBuildFile; fileRef = 3A3D47EF2C88D92F003AC8F1 /* push-to-checkout.sample */; };
		3A3D481E2C88D92F003AC8F1 /* update.sample in Resources */ = {isa = PBXBuildFile; fileRef = 3A3D47F02C88D92F003AC8F1 /* update.sample */; };
		3A3D481F2C88D92F003AC8F1 /* exclude in Resources */ = {isa = PBXBuildFile; fileRef = 3A3D47F22C88D92F003AC8F1 /* exclude */; };
		3A3D48202C88D92F003AC8F1 /* fixes in Resources */ = {isa = PBXBuildFile; fileRef = 3A3D47F42C88D92F003AC8F1 /* fixes */; };
		3A3D48212C88D92F003AC8F1 /* main in Resources */ = {isa = PBXBuildFile; fileRef = 3A3D47F52C88D92F003AC8F1 /* main */; };
		3A3D48222C88D92F003AC8F1 /* HEAD in Resources */ = {isa = PBXBuildFile; fileRef = 3A3D47F72C88D92F003AC8F1 /* HEAD */; };
		3A3D48232C88D92F003AC8F1 /* HEAD in Resources */ = {isa = PBXBuildFile; fileRef = 3A3D47FB2C88D92F003AC8F1 /* HEAD */; };
		3A3D48242C88D92F003AC8F1 /* pack-104c1f1e45e614551d53b0d5276c24b3a1198f92.idx in Resources */ = {isa = PBXBuildFile; fileRef = 3A3D47FE2C88D92F003AC8F1 /* pack-104c1f1e45e614551d53b0d5276c24b3a1198f92.idx */; };
		3A3D48252C88D92F003AC8F1 /* pack-104c1f1e45e614551d53b0d5276c24b3a1198f92.pack in Resources */ = {isa = PBXBuildFile; fileRef = 3A3D47FF2C88D92F003AC8F1 /* pack-104c1f1e45e614551d53b0d5276c24b3a1198f92.pack */; };
		3A3D48262C88D92F003AC8F1 /* fixes in Resources */ = {isa = PBXBuildFile; fileRef = 3A3D48022C88D92F003AC8F1 /* fixes */; };
		3A3D48272C88D92F003AC8F1 /* main in Resources */ = {isa = PBXBuildFile; fileRef = 3A3D48032C88D92F003AC8F1 /* main */; };
		3A3D48282C88D92F003AC8F1 /* HEAD in Resources */ = {isa = PBXBuildFile; fileRef = 3A3D48052C88D92F003AC8F1 /* HEAD */; };
		3A3D48292C88D92F003AC8F1 /* config in Resources */ = {isa = PBXBuildFile; fileRef = 3A3D480A2C88D92F003AC8F1 /* config */; };
		3A3D482A2C88D92F003AC8F1 /* description in Resources */ = {isa = PBXBuildFile; fileRef = 3A3D480B2C88D92F003AC8F1 /* description */; };
		3A3D482B2C88D92F003AC8F1 /* FETCH_HEAD in Resources */ = {isa = PBXBuildFile; fileRef = 3A3D480C2C88D92F003AC8F1 /* FETCH_HEAD */; };
		3A3D482C2C88D92F003AC8F1 /* HEAD in Resources */ = {isa = PBXBuildFile; fileRef = 3A3D480D2C88D92F003AC8F1 /* HEAD */; };
		3A3D482D2C88D92F003AC8F1 /* index in Resources */ = {isa = PBXBuildFile; fileRef = 3A3D480E2C88D92F003AC8F1 /* index */; };
		3A3D482E2C88D92F003AC8F1 /* packed-refs in Resources */ = {isa = PBXBuildFile; fileRef = 3A3D480F2C88D92F003AC8F1 /* packed-refs */; };
		3A56AB1229BA69690016636B /* ImagePicker.swift in Sources */ = {isa = PBXBuildFile; fileRef = 3A56AB1129BA69690016636B /* ImagePicker.swift */; };
		3A56AB1429BE1BBA0016636B /* LocationManager.swift in Sources */ = {isa = PBXBuildFile; fileRef = 3A56AB1329BE1BBA0016636B /* LocationManager.swift */; };
		3AD0B62F29B1377300C051D8 /* NoteView.swift in Sources */ = {isa = PBXBuildFile; fileRef = 3AD0B62E29B1377300C051D8 /* NoteView.swift */; };
		3AFCB52B29F5ABE60017E333 /* SettingsView.swift in Sources */ = {isa = PBXBuildFile; fileRef = 3AFCB52A29F5ABE60017E333 /* SettingsView.swift */; };
		3AFCB52D29F5B2750017E333 /* FormRowStaticView.swift in Sources */ = {isa = PBXBuildFile; fileRef = 3AFCB52C29F5B2750017E333 /* FormRowStaticView.swift */; };
/* End PBXBuildFile section */

/* Begin PBXFileReference section */
		3A196C702A0441C200CD8428 /* Info.plist */ = {isa = PBXFileReference; lastKnownFileType = text.plist; path = Info.plist; sourceTree = "<group>"; };
		3A3C0FAC29A689560055C4AD /* Notes.app */ = {isa = PBXFileReference; explicitFileType = wrapper.application; includeInIndex = 0; path = Notes.app; sourceTree = BUILT_PRODUCTS_DIR; };
		3A3C0FAF29A689560055C4AD /* NotesApp.swift */ = {isa = PBXFileReference; lastKnownFileType = sourcecode.swift; path = NotesApp.swift; sourceTree = "<group>"; };
		3A3C0FB129A689560055C4AD /* ContentView.swift */ = {isa = PBXFileReference; lastKnownFileType = sourcecode.swift; path = ContentView.swift; sourceTree = "<group>"; };
		3A3C0FB329A6895A0055C4AD /* Assets.xcassets */ = {isa = PBXFileReference; lastKnownFileType = folder.assetcatalog; path = Assets.xcassets; sourceTree = "<group>"; };
		3A3C0FB629A6895A0055C4AD /* Preview Assets.xcassets */ = {isa = PBXFileReference; lastKnownFileType = folder.assetcatalog; path = "Preview Assets.xcassets"; sourceTree = "<group>"; };
		3A3C0FB829A6895A0055C4AD /* Persistence.swift */ = {isa = PBXFileReference; lastKnownFileType = sourcecode.swift; path = Persistence.swift; sourceTree = "<group>"; };
		3A3C0FBB29A6895A0055C4AD /* Notes.xcdatamodel */ = {isa = PBXFileReference; lastKnownFileType = wrapper.xcdatamodel; path = Notes.xcdatamodel; sourceTree = "<group>"; };
		3A3C0FC229A807170055C4AD /* AddNoteView.swift */ = {isa = PBXFileReference; lastKnownFileType = sourcecode.swift; path = AddNoteView.swift; sourceTree = "<group>"; };
		3A3D47E32C88D92F003AC8F1 /* .gitignore */ = {isa = PBXFileReference; fileEncoding = 4; lastKnownFileType = text; path = .gitignore; sourceTree = SOURCE_ROOT; };
		3A3D47E42C88D92F003AC8F1 /* applypatch-msg.sample */ = {isa = PBXFileReference; fileEncoding = 4; lastKnownFileType = text.script.sh; path = "applypatch-msg.sample"; sourceTree = "<group>"; };
		3A3D47E52C88D92F003AC8F1 /* commit-msg.sample */ = {isa = PBXFileReference; fileEncoding = 4; lastKnownFileType = text.script.sh; path = "commit-msg.sample"; sourceTree = "<group>"; };
		3A3D47E62C88D92F003AC8F1 /* fsmonitor-watchman.sample */ = {isa = PBXFileReference; fileEncoding = 4; lastKnownFileType = text.script.perl; path = "fsmonitor-watchman.sample"; sourceTree = "<group>"; };
		3A3D47E72C88D92F003AC8F1 /* post-update.sample */ = {isa = PBXFileReference; fileEncoding = 4; lastKnownFileType = text.script.sh; path = "post-update.sample"; sourceTree = "<group>"; };
		3A3D47E82C88D92F003AC8F1 /* pre-applypatch.sample */ = {isa = PBXFileReference; fileEncoding = 4; lastKnownFileType = text.script.sh; path = "pre-applypatch.sample"; sourceTree = "<group>"; };
		3A3D47E92C88D92F003AC8F1 /* pre-commit.sample */ = {isa = PBXFileReference; fileEncoding = 4; lastKnownFileType = text.script.sh; path = "pre-commit.sample"; sourceTree = "<group>"; };
		3A3D47EA2C88D92F003AC8F1 /* pre-merge-commit.sample */ = {isa = PBXFileReference; fileEncoding = 4; lastKnownFileType = text.script.sh; path = "pre-merge-commit.sample"; sourceTree = "<group>"; };
		3A3D47EB2C88D92F003AC8F1 /* pre-push.sample */ = {isa = PBXFileReference; fileEncoding = 4; lastKnownFileType = text.script.sh; path = "pre-push.sample"; sourceTree = "<group>"; };
		3A3D47EC2C88D92F003AC8F1 /* pre-rebase.sample */ = {isa = PBXFileReference; fileEncoding = 4; lastKnownFileType = text.script.sh; path = "pre-rebase.sample"; sourceTree = "<group>"; };
		3A3D47ED2C88D92F003AC8F1 /* pre-receive.sample */ = {isa = PBXFileReference; fileEncoding = 4; lastKnownFileType = text.script.sh; path = "pre-receive.sample"; sourceTree = "<group>"; };
		3A3D47EE2C88D92F003AC8F1 /* prepare-commit-msg.sample */ = {isa = PBXFileReference; fileEncoding = 4; lastKnownFileType = text.script.sh; path = "prepare-commit-msg.sample"; sourceTree = "<group>"; };
		3A3D47EF2C88D92F003AC8F1 /* push-to-checkout.sample */ = {isa = PBXFileReference; fileEncoding = 4; lastKnownFileType = text.script.sh; path = "push-to-checkout.sample"; sourceTree = "<group>"; };
		3A3D47F02C88D92F003AC8F1 /* update.sample */ = {isa = PBXFileReference; fileEncoding = 4; lastKnownFileType = text.script.sh; path = update.sample; sourceTree = "<group>"; };
		3A3D47F22C88D92F003AC8F1 /* exclude */ = {isa = PBXFileReference; fileEncoding = 4; lastKnownFileType = text; path = exclude; sourceTree = "<group>"; };
		3A3D47F42C88D92F003AC8F1 /* fixes */ = {isa = PBXFileReference; fileEncoding = 4; lastKnownFileType = text; path = fixes; sourceTree = "<group>"; };
		3A3D47F52C88D92F003AC8F1 /* main */ = {isa = PBXFileReference; fileEncoding = 4; lastKnownFileType = text; path = main; sourceTree = "<group>"; };
		3A3D47F72C88D92F003AC8F1 /* HEAD */ = {isa = PBXFileReference; fileEncoding = 4; lastKnownFileType = text; path = HEAD; sourceTree = "<group>"; };
		3A3D47FB2C88D92F003AC8F1 /* HEAD */ = {isa = PBXFileReference; fileEncoding = 4; lastKnownFileType = text; path = HEAD; sourceTree = "<group>"; };
		3A3D47FE2C88D92F003AC8F1 /* pack-104c1f1e45e614551d53b0d5276c24b3a1198f92.idx */ = {isa = PBXFileReference; lastKnownFileType = file; path = "pack-104c1f1e45e614551d53b0d5276c24b3a1198f92.idx"; sourceTree = "<group>"; };
		3A3D47FF2C88D92F003AC8F1 /* pack-104c1f1e45e614551d53b0d5276c24b3a1198f92.pack */ = {isa = PBXFileReference; lastKnownFileType = file; path = "pack-104c1f1e45e614551d53b0d5276c24b3a1198f92.pack"; sourceTree = "<group>"; };
		3A3D48022C88D92F003AC8F1 /* fixes */ = {isa = PBXFileReference; fileEncoding = 4; lastKnownFileType = text; path = fixes; sourceTree = "<group>"; };
		3A3D48032C88D92F003AC8F1 /* main */ = {isa = PBXFileReference; fileEncoding = 4; lastKnownFileType = text; path = main; sourceTree = "<group>"; };
		3A3D48052C88D92F003AC8F1 /* HEAD */ = {isa = PBXFileReference; fileEncoding = 4; lastKnownFileType = text; path = HEAD; sourceTree = "<group>"; };
		3A3D480A2C88D92F003AC8F1 /* config */ = {isa = PBXFileReference; fileEncoding = 4; lastKnownFileType = text; path = config; sourceTree = "<group>"; };
		3A3D480B2C88D92F003AC8F1 /* description */ = {isa = PBXFileReference; fileEncoding = 4; lastKnownFileType = text; path = description; sourceTree = "<group>"; };
		3A3D480C2C88D92F003AC8F1 /* FETCH_HEAD */ = {isa = PBXFileReference; fileEncoding = 4; lastKnownFileType = text; path = FETCH_HEAD; sourceTree = "<group>"; };
		3A3D480D2C88D92F003AC8F1 /* HEAD */ = {isa = PBXFileReference; fileEncoding = 4; lastKnownFileType = text; path = HEAD; sourceTree = "<group>"; };
		3A3D480E2C88D92F003AC8F1 /* index */ = {isa = PBXFileReference; lastKnownFileType = file; path = index; sourceTree = "<group>"; };
		3A3D480F2C88D92F003AC8F1 /* packed-refs */ = {isa = PBXFileReference; fileEncoding = 4; lastKnownFileType = text; path = "packed-refs"; sourceTree = "<group>"; };
		3A56AB1129BA69690016636B /* ImagePicker.swift */ = {isa = PBXFileReference; lastKnownFileType = sourcecode.swift; path = ImagePicker.swift; sourceTree = "<group>"; };
		3A56AB1329BE1BBA0016636B /* LocationManager.swift */ = {isa = PBXFileReference; lastKnownFileType = sourcecode.swift; path = LocationManager.swift; sourceTree = "<group>"; };
		3AD0B62E29B1377300C051D8 /* NoteView.swift */ = {isa = PBXFileReference; lastKnownFileType = sourcecode.swift; path = NoteView.swift; sourceTree = "<group>"; };
		3AFCB52A29F5ABE60017E333 /* SettingsView.swift */ = {isa = PBXFileReference; lastKnownFileType = sourcecode.swift; path = SettingsView.swift; sourceTree = "<group>"; };
		3AFCB52C29F5B2750017E333 /* FormRowStaticView.swift */ = {isa = PBXFileReference; lastKnownFileType = sourcecode.swift; path = FormRowStaticView.swift; sourceTree = "<group>"; };
/* End PBXFileReference section */

/* Begin PBXFrameworksBuildPhase section */
		3A3C0FA929A689560055C4AD /* Frameworks */ = {
			isa = PBXFrameworksBuildPhase;
			buildActionMask = 2147483647;
			files = (
			);
			runOnlyForDeploymentPostprocessing = 0;
		};
/* End PBXFrameworksBuildPhase section */

/* Begin PBXGroup section */
		3A3C0FA329A689560055C4AD = {
			isa = PBXGroup;
			children = (
				3A3C0FAE29A689560055C4AD /* Notes */,
				3A3C0FAD29A689560055C4AD /* Products */,
			);
			sourceTree = "<group>";
		};
		3A3C0FAD29A689560055C4AD /* Products */ = {
			isa = PBXGroup;
			children = (
				3A3C0FAC29A689560055C4AD /* Notes.app */,
			);
			name = Products;
			sourceTree = "<group>";
		};
		3A3C0FAE29A689560055C4AD /* Notes */ = {
			isa = PBXGroup;
			children = (
				3A3D48102C88D92F003AC8F1 /* .git */,
				3A3D47E32C88D92F003AC8F1 /* .gitignore */,
				3A196C702A0441C200CD8428 /* Info.plist */,
				3A3C0FAF29A689560055C4AD /* NotesApp.swift */,
				3A3C0FB829A6895A0055C4AD /* Persistence.swift */,
				3A56AB1329BE1BBA0016636B /* LocationManager.swift */,
				3A3C0FC629ABDC740055C4AD /* View */,
				3A3C0FBA29A6895A0055C4AD /* Notes.xcdatamodeld */,
				3A3C0FB329A6895A0055C4AD /* Assets.xcassets */,
				3A3C0FB529A6895A0055C4AD /* Preview Content */,
			);
			path = Notes;
			sourceTree = "<group>";
		};
		3A3C0FB529A6895A0055C4AD /* Preview Content */ = {
			isa = PBXGroup;
			children = (
				3A3C0FB629A6895A0055C4AD /* Preview Assets.xcassets */,
			);
			path = "Preview Content";
			sourceTree = "<group>";
		};
		3A3C0FC629ABDC740055C4AD /* View */ = {
			isa = PBXGroup;
			children = (
				3A3C0FB129A689560055C4AD /* ContentView.swift */,
				3A3C0FC229A807170055C4AD /* AddNoteView.swift */,
				3AD0B62E29B1377300C051D8 /* NoteView.swift */,
				3AFCB52A29F5ABE60017E333 /* SettingsView.swift */,
				3AFCB52C29F5B2750017E333 /* FormRowStaticView.swift */,
				3A56AB1129BA69690016636B /* ImagePicker.swift */,
			);
			path = View;
			sourceTree = "<group>";
		};
		3A3D47F12C88D92F003AC8F1 /* hooks */ = {
			isa = PBXGroup;
			children = (
				3A3D47E42C88D92F003AC8F1 /* applypatch-msg.sample */,
				3A3D47E52C88D92F003AC8F1 /* commit-msg.sample */,
				3A3D47E62C88D92F003AC8F1 /* fsmonitor-watchman.sample */,
				3A3D47E72C88D92F003AC8F1 /* post-update.sample */,
				3A3D47E82C88D92F003AC8F1 /* pre-applypatch.sample */,
				3A3D47E92C88D92F003AC8F1 /* pre-commit.sample */,
				3A3D47EA2C88D92F003AC8F1 /* pre-merge-commit.sample */,
				3A3D47EB2C88D92F003AC8F1 /* pre-push.sample */,
				3A3D47EC2C88D92F003AC8F1 /* pre-rebase.sample */,
				3A3D47ED2C88D92F003AC8F1 /* pre-receive.sample */,
				3A3D47EE2C88D92F003AC8F1 /* prepare-commit-msg.sample */,
				3A3D47EF2C88D92F003AC8F1 /* push-to-checkout.sample */,
				3A3D47F02C88D92F003AC8F1 /* update.sample */,
			);
			path = hooks;
			sourceTree = "<group>";
		};
		3A3D47F32C88D92F003AC8F1 /* info */ = {
			isa = PBXGroup;
			children = (
				3A3D47F22C88D92F003AC8F1 /* exclude */,
			);
			path = info;
			sourceTree = "<group>";
		};
		3A3D47F62C88D92F003AC8F1 /* heads */ = {
			isa = PBXGroup;
			children = (
				3A3D47F42C88D92F003AC8F1 /* fixes */,
				3A3D47F52C88D92F003AC8F1 /* main */,
			);
			path = heads;
			sourceTree = "<group>";
		};
		3A3D47F82C88D92F003AC8F1 /* origin */ = {
			isa = PBXGroup;
			children = (
				3A3D47F72C88D92F003AC8F1 /* HEAD */,
			);
			path = origin;
			sourceTree = "<group>";
		};
		3A3D47F92C88D92F003AC8F1 /* remotes */ = {
			isa = PBXGroup;
			children = (
				3A3D47F82C88D92F003AC8F1 /* origin */,
			);
			path = remotes;
			sourceTree = "<group>";
		};
		3A3D47FA2C88D92F003AC8F1 /* refs */ = {
			isa = PBXGroup;
			children = (
				3A3D47F62C88D92F003AC8F1 /* heads */,
				3A3D47F92C88D92F003AC8F1 /* remotes */,
			);
			path = refs;
			sourceTree = "<group>";
		};
		3A3D47FC2C88D92F003AC8F1 /* logs */ = {
			isa = PBXGroup;
			children = (
				3A3D47FA2C88D92F003AC8F1 /* refs */,
				3A3D47FB2C88D92F003AC8F1 /* HEAD */,
			);
			path = logs;
			sourceTree = "<group>";
		};
		3A3D47FD2C88D92F003AC8F1 /* info */ = {
			isa = PBXGroup;
			children = (
			);
			path = info;
			sourceTree = "<group>";
		};
		3A3D48002C88D92F003AC8F1 /* pack */ = {
			isa = PBXGroup;
			children = (
				3A3D47FE2C88D92F003AC8F1 /* pack-104c1f1e45e614551d53b0d5276c24b3a1198f92.idx */,
				3A3D47FF2C88D92F003AC8F1 /* pack-104c1f1e45e614551d53b0d5276c24b3a1198f92.pack */,
			);
			path = pack;
			sourceTree = "<group>";
		};
		3A3D48012C88D92F003AC8F1 /* objects */ = {
			isa = PBXGroup;
			children = (
				3A3D47FD2C88D92F003AC8F1 /* info */,
				3A3D48002C88D92F003AC8F1 /* pack */,
			);
			path = objects;
			sourceTree = "<group>";
		};
		3A3D48042C88D92F003AC8F1 /* heads */ = {
			isa = PBXGroup;
			children = (
				3A3D48022C88D92F003AC8F1 /* fixes */,
				3A3D48032C88D92F003AC8F1 /* main */,
			);
			path = heads;
			sourceTree = "<group>";
		};
		3A3D48062C88D92F003AC8F1 /* origin */ = {
			isa = PBXGroup;
			children = (
				3A3D48052C88D92F003AC8F1 /* HEAD */,
			);
			path = origin;
			sourceTree = "<group>";
		};
		3A3D48072C88D92F003AC8F1 /* remotes */ = {
			isa = PBXGroup;
			children = (
				3A3D48062C88D92F003AC8F1 /* origin */,
			);
			path = remotes;
			sourceTree = "<group>";
		};
		3A3D48082C88D92F003AC8F1 /* tags */ = {
			isa = PBXGroup;
			children = (
			);
			path = tags;
			sourceTree = "<group>";
		};
		3A3D48092C88D92F003AC8F1 /* refs */ = {
			isa = PBXGroup;
			children = (
				3A3D48042C88D92F003AC8F1 /* heads */,
				3A3D48072C88D92F003AC8F1 /* remotes */,
				3A3D48082C88D92F003AC8F1 /* tags */,
			);
			path = refs;
			sourceTree = "<group>";
		};
		3A3D48102C88D92F003AC8F1 /* .git */ = {
			isa = PBXGroup;
			children = (
				3A3D47F12C88D92F003AC8F1 /* hooks */,
				3A3D47F32C88D92F003AC8F1 /* info */,
				3A3D47FC2C88D92F003AC8F1 /* logs */,
				3A3D48012C88D92F003AC8F1 /* objects */,
				3A3D48092C88D92F003AC8F1 /* refs */,
				3A3D480A2C88D92F003AC8F1 /* config */,
				3A3D480B2C88D92F003AC8F1 /* description */,
				3A3D480C2C88D92F003AC8F1 /* FETCH_HEAD */,
				3A3D480D2C88D92F003AC8F1 /* HEAD */,
				3A3D480E2C88D92F003AC8F1 /* index */,
				3A3D480F2C88D92F003AC8F1 /* packed-refs */,
			);
			path = .git;
			sourceTree = SOURCE_ROOT;
		};
/* End PBXGroup section */

/* Begin PBXNativeTarget section */
		3A3C0FAB29A689560055C4AD /* Notes */ = {
			isa = PBXNativeTarget;
			buildConfigurationList = 3A3C0FBF29A6895A0055C4AD /* Build configuration list for PBXNativeTarget "Notes" */;
			buildPhases = (
				3A3C0FA829A689560055C4AD /* Sources */,
				3A3C0FA929A689560055C4AD /* Frameworks */,
				3A3C0FAA29A689560055C4AD /* Resources */,
			);
			buildRules = (
			);
			dependencies = (
			);
			name = Notes;
			productName = Notes;
			productReference = 3A3C0FAC29A689560055C4AD /* Notes.app */;
			productType = "com.apple.product-type.application";
		};
/* End PBXNativeTarget section */

/* Begin PBXProject section */
		3A3C0FA429A689560055C4AD /* Project object */ = {
			isa = PBXProject;
			attributes = {
				BuildIndependentTargetsInParallel = 1;
				LastSwiftUpdateCheck = 1420;
				LastUpgradeCheck = 1420;
				TargetAttributes = {
					3A3C0FAB29A689560055C4AD = {
						CreatedOnToolsVersion = 14.2;
					};
				};
			};
			buildConfigurationList = 3A3C0FA729A689560055C4AD /* Build configuration list for PBXProject "Notes" */;
			compatibilityVersion = "Xcode 14.0";
			developmentRegion = en;
			hasScannedForEncodings = 0;
			knownRegions = (
				en,
				Base,
			);
			mainGroup = 3A3C0FA329A689560055C4AD;
			productRefGroup = 3A3C0FAD29A689560055C4AD /* Products */;
			projectDirPath = "";
			projectRoot = "";
			targets = (
				3A3C0FAB29A689560055C4AD /* Notes */,
			);
		};
/* End PBXProject section */

/* Begin PBXResourcesBuildPhase section */
		3A3C0FAA29A689560055C4AD /* Resources */ = {
			isa = PBXResourcesBuildPhase;
			buildActionMask = 2147483647;
			files = (
				3A3D482C2C88D92F003AC8F1 /* HEAD in Resources */,
				3A3D481E2C88D92F003AC8F1 /* update.sample in Resources */,
				3A3D481B2C88D92F003AC8F1 /* pre-receive.sample in Resources */,
				3A3C0FB729A6895A0055C4AD /* Preview Assets.xcassets in Resources */,
				3A3D48232C88D92F003AC8F1 /* HEAD in Resources */,
				3A3D48292C88D92F003AC8F1 /* config in Resources */,
				3A3D48212C88D92F003AC8F1 /* main in Resources */,
				3A3D48112C88D92F003AC8F1 /* .gitignore in Resources */,
				3A3D48282C88D92F003AC8F1 /* HEAD in Resources */,
				3A3D482B2C88D92F003AC8F1 /* FETCH_HEAD in Resources */,
				3A3D48132C88D92F003AC8F1 /* commit-msg.sample in Resources */,
				3A3D481D2C88D92F003AC8F1 /* push-to-checkout.sample in Resources */,
				3A3D481C2C88D92F003AC8F1 /* prepare-commit-msg.sample in Resources */,
				3A3D482A2C88D92F003AC8F1 /* description in Resources */,
				3A3D482D2C88D92F003AC8F1 /* index in Resources */,
				3A3D48152C88D92F003AC8F1 /* post-update.sample in Resources */,
				3A3D482E2C88D92F003AC8F1 /* packed-refs in Resources */,
				3A3D48272C88D92F003AC8F1 /* main in Resources */,
				3A3D48252C88D92F003AC8F1 /* pack-104c1f1e45e614551d53b0d5276c24b3a1198f92.pack in Resources */,
				3A3D48172C88D92F003AC8F1 /* pre-commit.sample in Resources */,
				3A3D48262C88D92F003AC8F1 /* fixes in Resources */,
				3A3D48222C88D92F003AC8F1 /* HEAD in Resources */,
				3A3D48182C88D92F003AC8F1 /* pre-merge-commit.sample in Resources */,
				3A3C0FB429A6895A0055C4AD /* Assets.xcassets in Resources */,
				3A3D48242C88D92F003AC8F1 /* pack-104c1f1e45e614551d53b0d5276c24b3a1198f92.idx in Resources */,
				3A3D481F2C88D92F003AC8F1 /* exclude in Resources */,
				3A3D48202C88D92F003AC8F1 /* fixes in Resources */,
				3A3D48192C88D92F003AC8F1 /* pre-push.sample in Resources */,
				3A3D48142C88D92F003AC8F1 /* fsmonitor-watchman.sample in Resources */,
				3A3D48122C88D92F003AC8F1 /* applypatch-msg.sample in Resources */,
				3A3D48162C88D92F003AC8F1 /* pre-applypatch.sample in Resources */,
				3A3D481A2C88D92F003AC8F1 /* pre-rebase.sample in Resources */,
			);
			runOnlyForDeploymentPostprocessing = 0;
		};
/* End PBXResourcesBuildPhase section */

/* Begin PBXSourcesBuildPhase section */
		3A3C0FA829A689560055C4AD /* Sources */ = {
			isa = PBXSourcesBuildPhase;
			buildActionMask = 2147483647;
			files = (
				3A3C0FB929A6895A0055C4AD /* Persistence.swift in Sources */,
				3AFCB52D29F5B2750017E333 /* FormRowStaticView.swift in Sources */,
				3A3C0FB229A689560055C4AD /* ContentView.swift in Sources */,
				3A3C0FB029A689560055C4AD /* NotesApp.swift in Sources */,
				3A56AB1229BA69690016636B /* ImagePicker.swift in Sources */,
				3A56AB1429BE1BBA0016636B /* LocationManager.swift in Sources */,
				3AD0B62F29B1377300C051D8 /* NoteView.swift in Sources */,
				3AFCB52B29F5ABE60017E333 /* SettingsView.swift in Sources */,
				3A3C0FBC29A6895A0055C4AD /* Notes.xcdatamodeld in Sources */,
				3A3C0FC329A807180055C4AD /* AddNoteView.swift in Sources */,
			);
			runOnlyForDeploymentPostprocessing = 0;
		};
/* End PBXSourcesBuildPhase section */

/* Begin XCBuildConfiguration section */
		3A3C0FBD29A6895A0055C4AD /* Debug */ = {
			isa = XCBuildConfiguration;
			buildSettings = {
				ALWAYS_SEARCH_USER_PATHS = NO;
				CLANG_ANALYZER_NONNULL = YES;
				CLANG_ANALYZER_NUMBER_OBJECT_CONVERSION = YES_AGGRESSIVE;
				CLANG_CXX_LANGUAGE_STANDARD = "gnu++20";
				CLANG_ENABLE_MODULES = YES;
				CLANG_ENABLE_OBJC_ARC = YES;
				CLANG_ENABLE_OBJC_WEAK = YES;
				CLANG_WARN_BLOCK_CAPTURE_AUTORELEASING = YES;
				CLANG_WARN_BOOL_CONVERSION = YES;
				CLANG_WARN_COMMA = YES;
				CLANG_WARN_CONSTANT_CONVERSION = YES;
				CLANG_WARN_DEPRECATED_OBJC_IMPLEMENTATIONS = YES;
				CLANG_WARN_DIRECT_OBJC_ISA_USAGE = YES_ERROR;
				CLANG_WARN_DOCUMENTATION_COMMENTS = YES;
				CLANG_WARN_EMPTY_BODY = YES;
				CLANG_WARN_ENUM_CONVERSION = YES;
				CLANG_WARN_INFINITE_RECURSION = YES;
				CLANG_WARN_INT_CONVERSION = YES;
				CLANG_WARN_NON_LITERAL_NULL_CONVERSION = YES;
				CLANG_WARN_OBJC_IMPLICIT_RETAIN_SELF = YES;
				CLANG_WARN_OBJC_LITERAL_CONVERSION = YES;
				CLANG_WARN_OBJC_ROOT_CLASS = YES_ERROR;
				CLANG_WARN_QUOTED_INCLUDE_IN_FRAMEWORK_HEADER = YES;
				CLANG_WARN_RANGE_LOOP_ANALYSIS = YES;
				CLANG_WARN_STRICT_PROTOTYPES = YES;
				CLANG_WARN_SUSPICIOUS_MOVE = YES;
				CLANG_WARN_UNGUARDED_AVAILABILITY = YES_AGGRESSIVE;
				CLANG_WARN_UNREACHABLE_CODE = YES;
				CLANG_WARN__DUPLICATE_METHOD_MATCH = YES;
				COPY_PHASE_STRIP = NO;
				DEBUG_INFORMATION_FORMAT = dwarf;
				ENABLE_STRICT_OBJC_MSGSEND = YES;
				ENABLE_TESTABILITY = YES;
				GCC_C_LANGUAGE_STANDARD = gnu11;
				GCC_DYNAMIC_NO_PIC = NO;
				GCC_NO_COMMON_BLOCKS = YES;
				GCC_OPTIMIZATION_LEVEL = 0;
				GCC_PREPROCESSOR_DEFINITIONS = (
					"DEBUG=1",
					"$(inherited)",
				);
				GCC_WARN_64_TO_32_BIT_CONVERSION = YES;
				GCC_WARN_ABOUT_RETURN_TYPE = YES_ERROR;
				GCC_WARN_UNDECLARED_SELECTOR = YES;
				GCC_WARN_UNINITIALIZED_AUTOS = YES_AGGRESSIVE;
				GCC_WARN_UNUSED_FUNCTION = YES;
				GCC_WARN_UNUSED_VARIABLE = YES;
				IPHONEOS_DEPLOYMENT_TARGET = 16.2;
				MTL_ENABLE_DEBUG_INFO = INCLUDE_SOURCE;
				MTL_FAST_MATH = YES;
				ONLY_ACTIVE_ARCH = YES;
				SDKROOT = iphoneos;
				SWIFT_ACTIVE_COMPILATION_CONDITIONS = DEBUG;
				SWIFT_OPTIMIZATION_LEVEL = "-Onone";
			};
			name = Debug;
		};
		3A3C0FBE29A6895A0055C4AD /* Release */ = {
			isa = XCBuildConfiguration;
			buildSettings = {
				ALWAYS_SEARCH_USER_PATHS = NO;
				CLANG_ANALYZER_NONNULL = YES;
				CLANG_ANALYZER_NUMBER_OBJECT_CONVERSION = YES_AGGRESSIVE;
				CLANG_CXX_LANGUAGE_STANDARD = "gnu++20";
				CLANG_ENABLE_MODULES = YES;
				CLANG_ENABLE_OBJC_ARC = YES;
				CLANG_ENABLE_OBJC_WEAK = YES;
				CLANG_WARN_BLOCK_CAPTURE_AUTORELEASING = YES;
				CLANG_WARN_BOOL_CONVERSION = YES;
				CLANG_WARN_COMMA = YES;
				CLANG_WARN_CONSTANT_CONVERSION = YES;
				CLANG_WARN_DEPRECATED_OBJC_IMPLEMENTATIONS = YES;
				CLANG_WARN_DIRECT_OBJC_ISA_USAGE = YES_ERROR;
				CLANG_WARN_DOCUMENTATION_COMMENTS = YES;
				CLANG_WARN_EMPTY_BODY = YES;
				CLANG_WARN_ENUM_CONVERSION = YES;
				CLANG_WARN_INFINITE_RECURSION = YES;
				CLANG_WARN_INT_CONVERSION = YES;
				CLANG_WARN_NON_LITERAL_NULL_CONVERSION = YES;
				CLANG_WARN_OBJC_IMPLICIT_RETAIN_SELF = YES;
				CLANG_WARN_OBJC_LITERAL_CONVERSION = YES;
				CLANG_WARN_OBJC_ROOT_CLASS = YES_ERROR;
				CLANG_WARN_QUOTED_INCLUDE_IN_FRAMEWORK_HEADER = YES;
				CLANG_WARN_RANGE_LOOP_ANALYSIS = YES;
				CLANG_WARN_STRICT_PROTOTYPES = YES;
				CLANG_WARN_SUSPICIOUS_MOVE = YES;
				CLANG_WARN_UNGUARDED_AVAILABILITY = YES_AGGRESSIVE;
				CLANG_WARN_UNREACHABLE_CODE = YES;
				CLANG_WARN__DUPLICATE_METHOD_MATCH = YES;
				COPY_PHASE_STRIP = NO;
				DEBUG_INFORMATION_FORMAT = "dwarf-with-dsym";
				ENABLE_NS_ASSERTIONS = NO;
				ENABLE_STRICT_OBJC_MSGSEND = YES;
				GCC_C_LANGUAGE_STANDARD = gnu11;
				GCC_NO_COMMON_BLOCKS = YES;
				GCC_WARN_64_TO_32_BIT_CONVERSION = YES;
				GCC_WARN_ABOUT_RETURN_TYPE = YES_ERROR;
				GCC_WARN_UNDECLARED_SELECTOR = YES;
				GCC_WARN_UNINITIALIZED_AUTOS = YES_AGGRESSIVE;
				GCC_WARN_UNUSED_FUNCTION = YES;
				GCC_WARN_UNUSED_VARIABLE = YES;
				IPHONEOS_DEPLOYMENT_TARGET = 16.2;
				MTL_ENABLE_DEBUG_INFO = NO;
				MTL_FAST_MATH = YES;
				SDKROOT = iphoneos;
				SWIFT_COMPILATION_MODE = wholemodule;
				SWIFT_OPTIMIZATION_LEVEL = "-O";
				VALIDATE_PRODUCT = YES;
			};
			name = Release;
		};
		3A3C0FC029A6895A0055C4AD /* Debug */ = {
			isa = XCBuildConfiguration;
			buildSettings = {
				ASSETCATALOG_COMPILER_APPICON_NAME = AppIcon;
				ASSETCATALOG_COMPILER_GLOBAL_ACCENT_COLOR_NAME = AccentColor;
				CODE_SIGN_STYLE = Automatic;
				CURRENT_PROJECT_VERSION = 1;
				DEVELOPMENT_ASSET_PATHS = "\"Notes/Preview Content\"";
				DEVELOPMENT_TEAM = 7SP54U4MBT;
				ENABLE_PREVIEWS = YES;
				GENERATE_INFOPLIST_FILE = YES;
				INFOPLIST_FILE = Notes/Info.plist;
				INFOPLIST_KEY_NSCameraUsageDescription = "";
				INFOPLIST_KEY_NSLocationWhenInUseUsageDescription = "";
				INFOPLIST_KEY_UIApplicationSceneManifest_Generation = YES;
				INFOPLIST_KEY_UIApplicationSupportsIndirectInputEvents = YES;
				INFOPLIST_KEY_UISupportedInterfaceOrientations_iPad = "UIInterfaceOrientationPortrait UIInterfaceOrientationPortraitUpsideDown UIInterfaceOrientationLandscapeLeft UIInterfaceOrientationLandscapeRight";
				INFOPLIST_KEY_UISupportedInterfaceOrientations_iPhone = "UIInterfaceOrientationPortrait UIInterfaceOrientationLandscapeLeft UIInterfaceOrientationLandscapeRight";
				LD_RUNPATH_SEARCH_PATHS = (
					"$(inherited)",
					"@executable_path/Frameworks",
				);
				MARKETING_VERSION = 1.0;
				PRODUCT_BUNDLE_IDENTIFIER = com.patrikspano.Notes;
				PRODUCT_NAME = "$(TARGET_NAME)";
				SWIFT_EMIT_LOC_STRINGS = YES;
				SWIFT_VERSION = 5.0;
				TARGETED_DEVICE_FAMILY = "1,2";
			};
			name = Debug;
		};
		3A3C0FC129A6895A0055C4AD /* Release */ = {
			isa = XCBuildConfiguration;
			buildSettings = {
				ASSETCATALOG_COMPILER_APPICON_NAME = AppIcon;
				ASSETCATALOG_COMPILER_GLOBAL_ACCENT_COLOR_NAME = AccentColor;
				CODE_SIGN_STYLE = Automatic;
				CURRENT_PROJECT_VERSION = 1;
				DEVELOPMENT_ASSET_PATHS = "\"Notes/Preview Content\"";
				DEVELOPMENT_TEAM = 7SP54U4MBT;
				ENABLE_PREVIEWS = YES;
				GENERATE_INFOPLIST_FILE = YES;
				INFOPLIST_FILE = Notes/Info.plist;
				INFOPLIST_KEY_NSCameraUsageDescription = "";
				INFOPLIST_KEY_NSLocationWhenInUseUsageDescription = "";
				INFOPLIST_KEY_UIApplicationSceneManifest_Generation = YES;
				INFOPLIST_KEY_UIApplicationSupportsIndirectInputEvents = YES;
				INFOPLIST_KEY_UISupportedInterfaceOrientations_iPad = "UIInterfaceOrientationPortrait UIInterfaceOrientationPortraitUpsideDown UIInterfaceOrientationLandscapeLeft UIInterfaceOrientationLandscapeRight";
				INFOPLIST_KEY_UISupportedInterfaceOrientations_iPhone = "UIInterfaceOrientationPortrait UIInterfaceOrientationLandscapeLeft UIInterfaceOrientationLandscapeRight";
				LD_RUNPATH_SEARCH_PATHS = (
					"$(inherited)",
					"@executable_path/Frameworks",
				);
				MARKETING_VERSION = 1.0;
				PRODUCT_BUNDLE_IDENTIFIER = com.patrikspano.Notes;
				PRODUCT_NAME = "$(TARGET_NAME)";
				SWIFT_EMIT_LOC_STRINGS = YES;
				SWIFT_VERSION = 5.0;
				TARGETED_DEVICE_FAMILY = "1,2";
			};
			name = Release;
		};
/* End XCBuildConfiguration section */

/* Begin XCConfigurationList section */
		3A3C0FA729A689560055C4AD /* Build configuration list for PBXProject "Notes" */ = {
			isa = XCConfigurationList;
			buildConfigurations = (
				3A3C0FBD29A6895A0055C4AD /* Debug */,
				3A3C0FBE29A6895A0055C4AD /* Release */,
			);
			defaultConfigurationIsVisible = 0;
			defaultConfigurationName = Release;
		};
		3A3C0FBF29A6895A0055C4AD /* Build configuration list for PBXNativeTarget "Notes" */ = {
			isa = XCConfigurationList;
			buildConfigurations = (
				3A3C0FC029A6895A0055C4AD /* Debug */,
				3A3C0FC129A6895A0055C4AD /* Release */,
			);
			defaultConfigurationIsVisible = 0;
			defaultConfigurationName = Release;
		};
/* End XCConfigurationList section */

/* Begin XCVersionGroup section */
		3A3C0FBA29A6895A0055C4AD /* Notes.xcdatamodeld */ = {
			isa = XCVersionGroup;
			children = (
				3A3C0FBB29A6895A0055C4AD /* Notes.xcdatamodel */,
			);
			currentVersion = 3A3C0FBB29A6895A0055C4AD /* Notes.xcdatamodel */;
			path = Notes.xcdatamodeld;
			sourceTree = "<group>";
			versionGroupType = wrapper.xcdatamodel;
		};
/* End XCVersionGroup section */
	};
	rootObject = 3A3C0FA429A689560055C4AD /* Project object */;
}
